PODS:
  - Alamofire (4.9.1)
  - SwiftGen (6.3.0)

DEPENDENCIES:
  - Alamofire (~> 4.9)
  - SwiftGen (~> 6.0)

SPEC REPOS:
  trunk:
    - Alamofire
    - SwiftGen

SPEC CHECKSUMS:
  Alamofire: 85e8a02c69d6020a0d734f6054870d7ecb75cf18
  SwiftGen: 3d5024a47ea79e408cded20763d7a17d18a4548c

PODFILE CHECKSUM: d6c3d531e3a8f385bd2fba6478d29c8dac2ed95d

COCOAPODS: 1.9.3
