// !$*UTF8*$!
{
	archiveVersion = 1;
	classes = {
	};
	objectVersion = 51;
	objects = {

/* Begin PBXBuildFile section */
		1E9C28B5B9BA8D01DBD2F1EE /* Pods_ApplicationTests.framework in Frameworks */ = {isa = PBXBuildFile; fileRef = 1C681A28431772143D2CB5BA /* Pods_ApplicationTests.framework */; };
		A37C6E5A24E3A2DD00C7FBED /* FeedViewController.swift in Sources */ = {isa = PBXBuildFile; fileRef = A37C6E5924E3A2DD00C7FBED /* FeedViewController.swift */; };
		A37C6E5C24E3A30200C7FBED /* FeedView.swift in Sources */ = {isa = PBXBuildFile; fileRef = A37C6E5B24E3A30200C7FBED /* FeedView.swift */; };
		A382C5BA24E1C07E009EF2F8 /* AppDelegate.swift in Sources */ = {isa = PBXBuildFile; fileRef = A382C5B924E1C07E009EF2F8 /* AppDelegate.swift */; };
		A382C5BE24E1C07E009EF2F8 /* SignUpViewController.swift in Sources */ = {isa = PBXBuildFile; fileRef = A382C5BD24E1C07E009EF2F8 /* SignUpViewController.swift */; };
		A382C5C324E1C07F009EF2F8 /* Assets.xcassets in Resources */ = {isa = PBXBuildFile; fileRef = A382C5C224E1C07F009EF2F8 /* Assets.xcassets */; };
		A382C5C624E1C07F009EF2F8 /* LaunchScreen.storyboard in Resources */ = {isa = PBXBuildFile; fileRef = A382C5C424E1C07F009EF2F8 /* LaunchScreen.storyboard */; };
		A382C5DC24E1D576009EF2F8 /* SignUpView.swift in Sources */ = {isa = PBXBuildFile; fileRef = A382C5DB24E1D576009EF2F8 /* SignUpView.swift */; };
		A382C5E024E1E961009EF2F8 /* Application.strings in Resources */ = {isa = PBXBuildFile; fileRef = A382C5DF24E1E961009EF2F8 /* Application.strings */; };
		A382C6A824E33915009EF2F8 /* Networking.framework in Frameworks */ = {isa = PBXBuildFile; fileRef = A382C6A524E3390B009EF2F8 /* Networking.framework */; };
		A382C6C024E34479009EF2F8 /* Streams.framework in Frameworks */ = {isa = PBXBuildFile; fileRef = A382C6BD24E34471009EF2F8 /* Streams.framework */; };
		A3C58A5C24E468EF0076B8B5 /* Authentication.framework in Frameworks */ = {isa = PBXBuildFile; fileRef = A3C58A5524E468E80076B8B5 /* Authentication.framework */; };
		A3C58A5F24E4A4190076B8B5 /* SignUpRedux.swift in Sources */ = {isa = PBXBuildFile; fileRef = A3C58A5E24E4A4190076B8B5 /* SignUpRedux.swift */; };
		A3C58A6924E4A4300076B8B5 /* Redux.framework in Frameworks */ = {isa = PBXBuildFile; fileRef = A3C58A6624E4A4280076B8B5 /* Redux.framework */; };
		A3C58A7B24E5945A0076B8B5 /* AppRedux.swift in Sources */ = {isa = PBXBuildFile; fileRef = A3C58A7A24E5945A0076B8B5 /* AppRedux.swift */; };
		A3C58A7D24E59F150076B8B5 /* AuthenticationRedux.swift in Sources */ = {isa = PBXBuildFile; fileRef = A3C58A7C24E59F150076B8B5 /* AuthenticationRedux.swift */; };
		A3C58A8124E6F9E60076B8B5 /* AppCoordinator.swift in Sources */ = {isa = PBXBuildFile; fileRef = A3C58A8024E6F9E60076B8B5 /* AppCoordinator.swift */; };
		A3C58A8324E6FFFE0076B8B5 /* FeedRedux.swift in Sources */ = {isa = PBXBuildFile; fileRef = A3C58A8224E6FFFE0076B8B5 /* FeedRedux.swift */; };
		A3C58A8524E700420076B8B5 /* FeedCategory.swift in Sources */ = {isa = PBXBuildFile; fileRef = A3C58A8424E700420076B8B5 /* FeedCategory.swift */; };
		A3F18EB524E70A4E007ADEE2 /* UIView+SafeArea.swift in Sources */ = {isa = PBXBuildFile; fileRef = A3F18EB424E70A4E007ADEE2 /* UIView+SafeArea.swift */; };
		A3F18EB724E70B00007ADEE2 /* Reusable.swift in Sources */ = {isa = PBXBuildFile; fileRef = A3F18EB624E70B00007ADEE2 /* Reusable.swift */; };
		A3F18EBB24E70C0A007ADEE2 /* FeedItemCollectionViewCell.swift in Sources */ = {isa = PBXBuildFile; fileRef = A3F18EBA24E70C0A007ADEE2 /* FeedItemCollectionViewCell.swift */; };
		A3F18EBD24E70F38007ADEE2 /* FeedCollectionViewLayout.swift in Sources */ = {isa = PBXBuildFile; fileRef = A3F18EBC24E70F38007ADEE2 /* FeedCollectionViewLayout.swift */; };
		A3F18ECB24E72289007ADEE2 /* SignUpViewModel.swift in Sources */ = {isa = PBXBuildFile; fileRef = A3F18ECA24E72289007ADEE2 /* SignUpViewModel.swift */; };
		A3F18ED524E722D0007ADEE2 /* EmailValidation.swift in Sources */ = {isa = PBXBuildFile; fileRef = A3F18ED424E722D0007ADEE2 /* EmailValidation.swift */; };
		A3F18EDA24E7257D007ADEE2 /* EmailValidationTests.swift in Sources */ = {isa = PBXBuildFile; fileRef = A3F18ED924E7257D007ADEE2 /* EmailValidationTests.swift */; };
		A3F18EDC24E73D60007ADEE2 /* FeedItemViewController.swift in Sources */ = {isa = PBXBuildFile; fileRef = A3F18EDB24E73D60007ADEE2 /* FeedItemViewController.swift */; };
		A3F18EDE24E73D79007ADEE2 /* FeedItemView.swift in Sources */ = {isa = PBXBuildFile; fileRef = A3F18EDD24E73D79007ADEE2 /* FeedItemView.swift */; };
		A3F18EE624E8462A007ADEE2 /* KeychainAccessTests.swift in Sources */ = {isa = PBXBuildFile; fileRef = A3F18EE524E8462A007ADEE2 /* KeychainAccessTests.swift */; };
		A3F18EEA24E8782A007ADEE2 /* ProfileViewController.swift in Sources */ = {isa = PBXBuildFile; fileRef = A3F18EE924E8782A007ADEE2 /* ProfileViewController.swift */; };
		A3F18EEC24E87923007ADEE2 /* Strings+Generated.swift in Sources */ = {isa = PBXBuildFile; fileRef = A3F18EEB24E87923007ADEE2 /* Strings+Generated.swift */; };
		A3F18EEE24E87E62007ADEE2 /* XCAssets+Generated.swift in Sources */ = {isa = PBXBuildFile; fileRef = A3F18EED24E87E62007ADEE2 /* XCAssets+Generated.swift */; };
		E0576717116519E922E27288 /* Pods_Application.framework in Frameworks */ = {isa = PBXBuildFile; fileRef = 9100A121CF07C8907AB9B43D /* Pods_Application.framework */; };
/* End PBXBuildFile section */

/* Begin PBXContainerItemProxy section */
		A382C5CD24E1C07F009EF2F8 /* PBXContainerItemProxy */ = {
			isa = PBXContainerItemProxy;
			containerPortal = A382C5AE24E1C07E009EF2F8 /* Project object */;
			proxyType = 1;
			remoteGlobalIDString = A382C5B524E1C07E009EF2F8;
			remoteInfo = Application;
		};
		A382C6A424E3390B009EF2F8 /* PBXContainerItemProxy */ = {
			isa = PBXContainerItemProxy;
			containerPortal = A382C69F24E3390B009EF2F8 /* Networking.xcodeproj */;
			proxyType = 2;
			remoteGlobalIDString = A382C66C24E31604009EF2F8;
			remoteInfo = Networking;
		};
		A382C6A624E3390B009EF2F8 /* PBXContainerItemProxy */ = {
			isa = PBXContainerItemProxy;
			containerPortal = A382C69F24E3390B009EF2F8 /* Networking.xcodeproj */;
			proxyType = 2;
			remoteGlobalIDString = A382C67524E31605009EF2F8;
			remoteInfo = NetworkingTests;
		};
		A382C6BC24E34471009EF2F8 /* PBXContainerItemProxy */ = {
			isa = PBXContainerItemProxy;
			containerPortal = A382C6B524E34471009EF2F8 /* Streams.xcodeproj */;
			proxyType = 2;
			remoteGlobalIDString = A382C5EE24E2394A009EF2F8;
			remoteInfo = Streams;
		};
		A382C6BE24E34471009EF2F8 /* PBXContainerItemProxy */ = {
			isa = PBXContainerItemProxy;
			containerPortal = A382C6B524E34471009EF2F8 /* Streams.xcodeproj */;
			proxyType = 2;
			remoteGlobalIDString = A382C5F724E2394A009EF2F8;
			remoteInfo = StreamsTests;
		};
		A3C58A5424E468E80076B8B5 /* PBXContainerItemProxy */ = {
			isa = PBXContainerItemProxy;
			containerPortal = A3C58A4F24E468E70076B8B5 /* Authentication.xcodeproj */;
			proxyType = 2;
			remoteGlobalIDString = A3C58A2D24E4515F0076B8B5;
			remoteInfo = Authentication;
		};
		A3C58A5624E468E80076B8B5 /* PBXContainerItemProxy */ = {
			isa = PBXContainerItemProxy;
			containerPortal = A3C58A4F24E468E70076B8B5 /* Authentication.xcodeproj */;
			proxyType = 2;
			remoteGlobalIDString = A3C58A3624E4515F0076B8B5;
			remoteInfo = AuthenticationTests;
		};
		A3C58A6524E4A4280076B8B5 /* PBXContainerItemProxy */ = {
			isa = PBXContainerItemProxy;
			containerPortal = A3C58A6024E4A4280076B8B5 /* Redux.xcodeproj */;
			proxyType = 2;
			remoteGlobalIDString = A382C61D24E240A4009EF2F8;
			remoteInfo = Redux;
		};
		A3C58A6724E4A4280076B8B5 /* PBXContainerItemProxy */ = {
			isa = PBXContainerItemProxy;
			containerPortal = A3C58A6024E4A4280076B8B5 /* Redux.xcodeproj */;
			proxyType = 2;
			remoteGlobalIDString = A382C62624E240A4009EF2F8;
			remoteInfo = ReduxTests;
		};
/* End PBXContainerItemProxy section */

/* Begin PBXFileReference section */
		1C681A28431772143D2CB5BA /* Pods_ApplicationTests.framework */ = {isa = PBXFileReference; explicitFileType = wrapper.framework; includeInIndex = 0; path = Pods_ApplicationTests.framework; sourceTree = BUILT_PRODUCTS_DIR; };
		42BFB269FD6D473084642106 /* Pods-ApplicationTests.release.xcconfig */ = {isa = PBXFileReference; includeInIndex = 1; lastKnownFileType = text.xcconfig; name = "Pods-ApplicationTests.release.xcconfig"; path = "Target Support Files/Pods-ApplicationTests/Pods-ApplicationTests.release.xcconfig"; sourceTree = "<group>"; };
		4DD6BFE613441D2C2B360AAD /* Pods-Application.release.xcconfig */ = {isa = PBXFileReference; includeInIndex = 1; lastKnownFileType = text.xcconfig; name = "Pods-Application.release.xcconfig"; path = "Target Support Files/Pods-Application/Pods-Application.release.xcconfig"; sourceTree = "<group>"; };
		85E5457EB121C4F8A711CC13 /* Pods-Application.debug.xcconfig */ = {isa = PBXFileReference; includeInIndex = 1; lastKnownFileType = text.xcconfig; name = "Pods-Application.debug.xcconfig"; path = "Target Support Files/Pods-Application/Pods-Application.debug.xcconfig"; sourceTree = "<group>"; };
		9100A121CF07C8907AB9B43D /* Pods_Application.framework */ = {isa = PBXFileReference; explicitFileType = wrapper.framework; includeInIndex = 0; path = Pods_Application.framework; sourceTree = BUILT_PRODUCTS_DIR; };
		9F23FC7685F86DFDCA31A350 /* Pods-ApplicationTests.debug.xcconfig */ = {isa = PBXFileReference; includeInIndex = 1; lastKnownFileType = text.xcconfig; name = "Pods-ApplicationTests.debug.xcconfig"; path = "Target Support Files/Pods-ApplicationTests/Pods-ApplicationTests.debug.xcconfig"; sourceTree = "<group>"; };
		A37C6E5924E3A2DD00C7FBED /* FeedViewController.swift */ = {isa = PBXFileReference; lastKnownFileType = sourcecode.swift; path = FeedViewController.swift; sourceTree = "<group>"; };
		A37C6E5B24E3A30200C7FBED /* FeedView.swift */ = {isa = PBXFileReference; lastKnownFileType = sourcecode.swift; path = FeedView.swift; sourceTree = "<group>"; };
		A382C5B624E1C07E009EF2F8 /* iddog.app */ = {isa = PBXFileReference; explicitFileType = wrapper.application; includeInIndex = 0; path = iddog.app; sourceTree = BUILT_PRODUCTS_DIR; };
		A382C5B924E1C07E009EF2F8 /* AppDelegate.swift */ = {isa = PBXFileReference; lastKnownFileType = sourcecode.swift; path = AppDelegate.swift; sourceTree = "<group>"; };
		A382C5BD24E1C07E009EF2F8 /* SignUpViewController.swift */ = {isa = PBXFileReference; lastKnownFileType = sourcecode.swift; path = SignUpViewController.swift; sourceTree = "<group>"; };
		A382C5C224E1C07F009EF2F8 /* Assets.xcassets */ = {isa = PBXFileReference; lastKnownFileType = folder.assetcatalog; path = Assets.xcassets; sourceTree = "<group>"; };
		A382C5C524E1C07F009EF2F8 /* Base */ = {isa = PBXFileReference; lastKnownFileType = file.storyboard; name = Base; path = Base.lproj/LaunchScreen.storyboard; sourceTree = "<group>"; };
		A382C5C724E1C07F009EF2F8 /* Info.plist */ = {isa = PBXFileReference; lastKnownFileType = text.plist.xml; path = Info.plist; sourceTree = "<group>"; };
		A382C5CC24E1C07F009EF2F8 /* ApplicationTests.xctest */ = {isa = PBXFileReference; explicitFileType = wrapper.cfbundle; includeInIndex = 0; path = ApplicationTests.xctest; sourceTree = BUILT_PRODUCTS_DIR; };
		A382C5D224E1C07F009EF2F8 /* Info.plist */ = {isa = PBXFileReference; lastKnownFileType = text.plist.xml; path = Info.plist; sourceTree = "<group>"; };
		A382C5DB24E1D576009EF2F8 /* SignUpView.swift */ = {isa = PBXFileReference; lastKnownFileType = sourcecode.swift; path = SignUpView.swift; sourceTree = "<group>"; };
		A382C5DF24E1E961009EF2F8 /* Application.strings */ = {isa = PBXFileReference; lastKnownFileType = text.plist.strings; path = Application.strings; sourceTree = "<group>"; };
		A382C69F24E3390B009EF2F8 /* Networking.xcodeproj */ = {isa = PBXFileReference; lastKnownFileType = "wrapper.pb-project"; name = Networking.xcodeproj; path = ../Networking/Networking.xcodeproj; sourceTree = "<group>"; };
		A382C6B524E34471009EF2F8 /* Streams.xcodeproj */ = {isa = PBXFileReference; lastKnownFileType = "wrapper.pb-project"; name = Streams.xcodeproj; path = ../Streams/Streams.xcodeproj; sourceTree = "<group>"; };
		A3C58A4F24E468E70076B8B5 /* Authentication.xcodeproj */ = {isa = PBXFileReference; lastKnownFileType = "wrapper.pb-project"; name = Authentication.xcodeproj; path = ../Authentication/Authentication.xcodeproj; sourceTree = "<group>"; };
		A3C58A5E24E4A4190076B8B5 /* SignUpRedux.swift */ = {isa = PBXFileReference; lastKnownFileType = sourcecode.swift; path = SignUpRedux.swift; sourceTree = "<group>"; };
		A3C58A6024E4A4280076B8B5 /* Redux.xcodeproj */ = {isa = PBXFileReference; lastKnownFileType = "wrapper.pb-project"; name = Redux.xcodeproj; path = ../Redux/Redux.xcodeproj; sourceTree = "<group>"; };
		A3C58A7A24E5945A0076B8B5 /* AppRedux.swift */ = {isa = PBXFileReference; lastKnownFileType = sourcecode.swift; path = AppRedux.swift; sourceTree = "<group>"; };
		A3C58A7C24E59F150076B8B5 /* AuthenticationRedux.swift */ = {isa = PBXFileReference; lastKnownFileType = sourcecode.swift; path = AuthenticationRedux.swift; sourceTree = "<group>"; };
		A3C58A8024E6F9E60076B8B5 /* AppCoordinator.swift */ = {isa = PBXFileReference; lastKnownFileType = sourcecode.swift; path = AppCoordinator.swift; sourceTree = "<group>"; };
		A3C58A8224E6FFFE0076B8B5 /* FeedRedux.swift */ = {isa = PBXFileReference; lastKnownFileType = sourcecode.swift; path = FeedRedux.swift; sourceTree = "<group>"; };
		A3C58A8424E700420076B8B5 /* FeedCategory.swift */ = {isa = PBXFileReference; lastKnownFileType = sourcecode.swift; path = FeedCategory.swift; sourceTree = "<group>"; };
		A3F18EB424E70A4E007ADEE2 /* UIView+SafeArea.swift */ = {isa = PBXFileReference; lastKnownFileType = sourcecode.swift; path = "UIView+SafeArea.swift"; sourceTree = "<group>"; };
		A3F18EB624E70B00007ADEE2 /* Reusable.swift */ = {isa = PBXFileReference; lastKnownFileType = sourcecode.swift; path = Reusable.swift; sourceTree = "<group>"; };
		A3F18EBA24E70C0A007ADEE2 /* FeedItemCollectionViewCell.swift */ = {isa = PBXFileReference; lastKnownFileType = sourcecode.swift; path = FeedItemCollectionViewCell.swift; sourceTree = "<group>"; };
		A3F18EBC24E70F38007ADEE2 /* FeedCollectionViewLayout.swift */ = {isa = PBXFileReference; lastKnownFileType = sourcecode.swift; path = FeedCollectionViewLayout.swift; sourceTree = "<group>"; };
		A3F18ECA24E72289007ADEE2 /* SignUpViewModel.swift */ = {isa = PBXFileReference; lastKnownFileType = sourcecode.swift; path = SignUpViewModel.swift; sourceTree = "<group>"; };
		A3F18ED424E722D0007ADEE2 /* EmailValidation.swift */ = {isa = PBXFileReference; lastKnownFileType = sourcecode.swift; path = EmailValidation.swift; sourceTree = "<group>"; };
		A3F18ED924E7257D007ADEE2 /* EmailValidationTests.swift */ = {isa = PBXFileReference; lastKnownFileType = sourcecode.swift; path = EmailValidationTests.swift; sourceTree = "<group>"; };
		A3F18EDB24E73D60007ADEE2 /* FeedItemViewController.swift */ = {isa = PBXFileReference; lastKnownFileType = sourcecode.swift; path = FeedItemViewController.swift; sourceTree = "<group>"; };
		A3F18EDD24E73D79007ADEE2 /* FeedItemView.swift */ = {isa = PBXFileReference; lastKnownFileType = sourcecode.swift; path = FeedItemView.swift; sourceTree = "<group>"; };
		A3F18EE524E8462A007ADEE2 /* KeychainAccessTests.swift */ = {isa = PBXFileReference; lastKnownFileType = sourcecode.swift; path = KeychainAccessTests.swift; sourceTree = "<group>"; };
		A3F18EE924E8782A007ADEE2 /* ProfileViewController.swift */ = {isa = PBXFileReference; lastKnownFileType = sourcecode.swift; path = ProfileViewController.swift; sourceTree = "<group>"; };
		A3F18EEB24E87923007ADEE2 /* Strings+Generated.swift */ = {isa = PBXFileReference; fileEncoding = 4; lastKnownFileType = sourcecode.swift; path = "Strings+Generated.swift"; sourceTree = "<group>"; };
		A3F18EED24E87E62007ADEE2 /* XCAssets+Generated.swift */ = {isa = PBXFileReference; fileEncoding = 4; lastKnownFileType = sourcecode.swift; path = "XCAssets+Generated.swift"; sourceTree = "<group>"; };
/* End PBXFileReference section */

/* Begin PBXFrameworksBuildPhase section */
		A382C5B324E1C07E009EF2F8 /* Frameworks */ = {
			isa = PBXFrameworksBuildPhase;
			buildActionMask = 2147483647;
			files = (
				A3C58A6924E4A4300076B8B5 /* Redux.framework in Frameworks */,
				A3C58A5C24E468EF0076B8B5 /* Authentication.framework in Frameworks */,
				A382C6C024E34479009EF2F8 /* Streams.framework in Frameworks */,
				A382C6A824E33915009EF2F8 /* Networking.framework in Frameworks */,
				E0576717116519E922E27288 /* Pods_Application.framework in Frameworks */,
			);
			runOnlyForDeploymentPostprocessing = 0;
		};
		A382C5C924E1C07F009EF2F8 /* Frameworks */ = {
			isa = PBXFrameworksBuildPhase;
			buildActionMask = 2147483647;
			files = (
				1E9C28B5B9BA8D01DBD2F1EE /* Pods_ApplicationTests.framework in Frameworks */,
			);
			runOnlyForDeploymentPostprocessing = 0;
		};
/* End PBXFrameworksBuildPhase section */

/* Begin PBXGroup section */
		A382C5AD24E1C07E009EF2F8 = {
			isa = PBXGroup;
			children = (
				A382C69E24E33903009EF2F8 /* Dependencies */,
				A382C5DE24E1E689009EF2F8 /* Resources */,
				A382C5B824E1C07E009EF2F8 /* Sources */,
				A382C5CF24E1C07F009EF2F8 /* Tests */,
				A382C5B724E1C07E009EF2F8 /* Products */,
				EF9EA57EE4111A7518C162AD /* Pods */,
				CFFF7635A125201DEC2FD842 /* Frameworks */,
			);
			sourceTree = "<group>";
		};
		A382C5B724E1C07E009EF2F8 /* Products */ = {
			isa = PBXGroup;
			children = (
				A382C5B624E1C07E009EF2F8 /* iddog.app */,
				A382C5CC24E1C07F009EF2F8 /* ApplicationTests.xctest */,
			);
			name = Products;
			sourceTree = "<group>";
		};
		A382C5B824E1C07E009EF2F8 /* Sources */ = {
			isa = PBXGroup;
			children = (
				A3F18EAB24E70A40007ADEE2 /* Core */,
				A3C58A7824E593FC0076B8B5 /* App */,
				A3C58A6F24E593F00076B8B5 /* Feed */,
				A3C58A5D24E4A3160076B8B5 /* SignUp */,
				A3C58A7924E594080076B8B5 /* Resources */,
				A382C5C724E1C07F009EF2F8 /* Info.plist */,
				A3C58A7C24E59F150076B8B5 /* AuthenticationRedux.swift */,
				A3F18EE924E8782A007ADEE2 /* ProfileViewController.swift */,
			);
			path = Sources;
			sourceTree = "<group>";
		};
		A382C5CF24E1C07F009EF2F8 /* Tests */ = {
			isa = PBXGroup;
			children = (
				A382C5D224E1C07F009EF2F8 /* Info.plist */,
				A3F18ED924E7257D007ADEE2 /* EmailValidationTests.swift */,
				A3F18EE524E8462A007ADEE2 /* KeychainAccessTests.swift */,
			);
			path = Tests;
			sourceTree = "<group>";
		};
		A382C5DE24E1E689009EF2F8 /* Resources */ = {
			isa = PBXGroup;
			children = (
				A382C5E124E1E976009EF2F8 /* Strings */,
				A382C5C224E1C07F009EF2F8 /* Assets.xcassets */,
				A382C5C424E1C07F009EF2F8 /* LaunchScreen.storyboard */,
			);
			path = Resources;
			sourceTree = "<group>";
		};
		A382C5E124E1E976009EF2F8 /* Strings */ = {
			isa = PBXGroup;
			children = (
				A382C5DF24E1E961009EF2F8 /* Application.strings */,
			);
			path = Strings;
			sourceTree = "<group>";
		};
		A382C69E24E33903009EF2F8 /* Dependencies */ = {
			isa = PBXGroup;
			children = (
				A3C58A6024E4A4280076B8B5 /* Redux.xcodeproj */,
				A3C58A4F24E468E70076B8B5 /* Authentication.xcodeproj */,
				A382C6B524E34471009EF2F8 /* Streams.xcodeproj */,
				A382C69F24E3390B009EF2F8 /* Networking.xcodeproj */,
			);
			name = Dependencies;
			sourceTree = "<group>";
		};
		A382C6A024E3390B009EF2F8 /* Products */ = {
			isa = PBXGroup;
			children = (
				A382C6A524E3390B009EF2F8 /* Networking.framework */,
				A382C6A724E3390B009EF2F8 /* NetworkingTests.xctest */,
			);
			name = Products;
			sourceTree = "<group>";
		};
		A382C6B624E34471009EF2F8 /* Products */ = {
			isa = PBXGroup;
			children = (
				A382C6BD24E34471009EF2F8 /* Streams.framework */,
				A382C6BF24E34471009EF2F8 /* StreamsTests.xctest */,
			);
			name = Products;
			sourceTree = "<group>";
		};
		A3C58A5024E468E70076B8B5 /* Products */ = {
			isa = PBXGroup;
			children = (
				A3C58A5524E468E80076B8B5 /* Authentication.framework */,
				A3C58A5724E468E80076B8B5 /* AuthenticationTests.xctest */,
			);
			name = Products;
			sourceTree = "<group>";
		};
		A3C58A5D24E4A3160076B8B5 /* SignUp */ = {
			isa = PBXGroup;
			children = (
				A382C5BD24E1C07E009EF2F8 /* SignUpViewController.swift */,
				A3F18ECA24E72289007ADEE2 /* SignUpViewModel.swift */,
				A382C5DB24E1D576009EF2F8 /* SignUpView.swift */,
				A3C58A5E24E4A4190076B8B5 /* SignUpRedux.swift */,
			);
			path = SignUp;
			sourceTree = "<group>";
		};
		A3C58A6124E4A4280076B8B5 /* Products */ = {
			isa = PBXGroup;
			children = (
				A3C58A6624E4A4280076B8B5 /* Redux.framework */,
				A3C58A6824E4A4280076B8B5 /* ReduxTests.xctest */,
			);
			name = Products;
			sourceTree = "<group>";
		};
		A3C58A6F24E593F00076B8B5 /* Feed */ = {
			isa = PBXGroup;
			children = (
				A37C6E5924E3A2DD00C7FBED /* FeedViewController.swift */,
				A37C6E5B24E3A30200C7FBED /* FeedView.swift */,
				A3F18EBC24E70F38007ADEE2 /* FeedCollectionViewLayout.swift */,
				A3C58A8224E6FFFE0076B8B5 /* FeedRedux.swift */,
				A3C58A8424E700420076B8B5 /* FeedCategory.swift */,
				A3F18EBA24E70C0A007ADEE2 /* FeedItemCollectionViewCell.swift */,
				A3F18EDB24E73D60007ADEE2 /* FeedItemViewController.swift */,
				A3F18EDD24E73D79007ADEE2 /* FeedItemView.swift */,
			);
			path = Feed;
			sourceTree = "<group>";
		};
		A3C58A7824E593FC0076B8B5 /* App */ = {
			isa = PBXGroup;
			children = (
				A382C5B924E1C07E009EF2F8 /* AppDelegate.swift */,
				A3C58A7A24E5945A0076B8B5 /* AppRedux.swift */,
				A3C58A8024E6F9E60076B8B5 /* AppCoordinator.swift */,
			);
			path = App;
			sourceTree = "<group>";
		};
		A3C58A7924E594080076B8B5 /* Resources */ = {
			isa = PBXGroup;
			children = (
				A3F18EED24E87E62007ADEE2 /* XCAssets+Generated.swift */,
				A3F18EEB24E87923007ADEE2 /* Strings+Generated.swift */,
			);
			path = Resources;
			sourceTree = "<group>";
		};
		A3F18EAB24E70A40007ADEE2 /* Core */ = {
			isa = PBXGroup;
			children = (
				A3F18EB424E70A4E007ADEE2 /* UIView+SafeArea.swift */,
				A3F18EB624E70B00007ADEE2 /* Reusable.swift */,
				A3F18ED424E722D0007ADEE2 /* EmailValidation.swift */,
			);
			path = Core;
			sourceTree = "<group>";
		};
		CFFF7635A125201DEC2FD842 /* Frameworks */ = {
			isa = PBXGroup;
			children = (
				9100A121CF07C8907AB9B43D /* Pods_Application.framework */,
				1C681A28431772143D2CB5BA /* Pods_ApplicationTests.framework */,
			);
			name = Frameworks;
			sourceTree = "<group>";
		};
		EF9EA57EE4111A7518C162AD /* Pods */ = {
			isa = PBXGroup;
			children = (
				85E5457EB121C4F8A711CC13 /* Pods-Application.debug.xcconfig */,
				4DD6BFE613441D2C2B360AAD /* Pods-Application.release.xcconfig */,
				9F23FC7685F86DFDCA31A350 /* Pods-ApplicationTests.debug.xcconfig */,
				42BFB269FD6D473084642106 /* Pods-ApplicationTests.release.xcconfig */,
			);
			name = Pods;
			path = ../Pods;
			sourceTree = "<group>";
		};
/* End PBXGroup section */

/* Begin PBXNativeTarget section */
		A382C5B524E1C07E009EF2F8 /* Application */ = {
			isa = PBXNativeTarget;
			buildConfigurationList = A382C5D524E1C07F009EF2F8 /* Build configuration list for PBXNativeTarget "Application" */;
			buildPhases = (
				768B5C000CB2B19ADF19D755 /* [CP] Check Pods Manifest.lock */,
				A382C5B224E1C07E009EF2F8 /* Sources */,
				A382C5B324E1C07E009EF2F8 /* Frameworks */,
				A382C5B424E1C07E009EF2F8 /* Resources */,
				3AFBD15F3E41D574E36CF02C /* [CP] Embed Pods Frameworks */,
				A3F18EEF24E9967A007ADEE2 /* Run SwiftGen */,
			);
			buildRules = (
			);
			dependencies = (
			);
			name = Application;
			productName = Application;
			productReference = A382C5B624E1C07E009EF2F8 /* iddog.app */;
			productType = "com.apple.product-type.application";
		};
		A382C5CB24E1C07F009EF2F8 /* ApplicationTests */ = {
			isa = PBXNativeTarget;
			buildConfigurationList = A382C5D824E1C07F009EF2F8 /* Build configuration list for PBXNativeTarget "ApplicationTests" */;
			buildPhases = (
				F9D9FD6CFD16AB28747EDF30 /* [CP] Check Pods Manifest.lock */,
				A382C5C824E1C07F009EF2F8 /* Sources */,
				A382C5C924E1C07F009EF2F8 /* Frameworks */,
				A382C5CA24E1C07F009EF2F8 /* Resources */,
			);
			buildRules = (
			);
			dependencies = (
				A382C5CE24E1C07F009EF2F8 /* PBXTargetDependency */,
			);
			name = ApplicationTests;
			productName = ApplicationTests;
			productReference = A382C5CC24E1C07F009EF2F8 /* ApplicationTests.xctest */;
			productType = "com.apple.product-type.bundle.unit-test";
		};
/* End PBXNativeTarget section */

/* Begin PBXProject section */
		A382C5AE24E1C07E009EF2F8 /* Project object */ = {
			isa = PBXProject;
			attributes = {
				LastSwiftUpdateCheck = 1130;
				LastUpgradeCheck = 1130;
				ORGANIZATIONNAME = "Fellipe Caetano";
				TargetAttributes = {
					A382C5B524E1C07E009EF2F8 = {
						CreatedOnToolsVersion = 11.3.1;
					};
					A382C5CB24E1C07F009EF2F8 = {
						CreatedOnToolsVersion = 11.3.1;
						LastSwiftMigration = 1130;
						TestTargetID = A382C5B524E1C07E009EF2F8;
					};
				};
			};
			buildConfigurationList = A382C5B124E1C07E009EF2F8 /* Build configuration list for PBXProject "Application" */;
			compatibilityVersion = "Xcode 9.3";
			developmentRegion = en;
			hasScannedForEncodings = 0;
			knownRegions = (
				en,
				Base,
			);
			mainGroup = A382C5AD24E1C07E009EF2F8;
			productRefGroup = A382C5B724E1C07E009EF2F8 /* Products */;
			projectDirPath = "";
			projectReferences = (
				{
					ProductGroup = A3C58A5024E468E70076B8B5 /* Products */;
					ProjectRef = A3C58A4F24E468E70076B8B5 /* Authentication.xcodeproj */;
				},
				{
					ProductGroup = A382C6A024E3390B009EF2F8 /* Products */;
					ProjectRef = A382C69F24E3390B009EF2F8 /* Networking.xcodeproj */;
				},
				{
					ProductGroup = A3C58A6124E4A4280076B8B5 /* Products */;
					ProjectRef = A3C58A6024E4A4280076B8B5 /* Redux.xcodeproj */;
				},
				{
					ProductGroup = A382C6B624E34471009EF2F8 /* Products */;
					ProjectRef = A382C6B524E34471009EF2F8 /* Streams.xcodeproj */;
				},
			);
			projectRoot = "";
			targets = (
				A382C5B524E1C07E009EF2F8 /* Application */,
				A382C5CB24E1C07F009EF2F8 /* ApplicationTests */,
			);
		};
/* End PBXProject section */

/* Begin PBXReferenceProxy section */
		A382C6A524E3390B009EF2F8 /* Networking.framework */ = {
			isa = PBXReferenceProxy;
			fileType = wrapper.framework;
			path = Networking.framework;
			remoteRef = A382C6A424E3390B009EF2F8 /* PBXContainerItemProxy */;
			sourceTree = BUILT_PRODUCTS_DIR;
		};
		A382C6A724E3390B009EF2F8 /* NetworkingTests.xctest */ = {
			isa = PBXReferenceProxy;
			fileType = wrapper.cfbundle;
			path = NetworkingTests.xctest;
			remoteRef = A382C6A624E3390B009EF2F8 /* PBXContainerItemProxy */;
			sourceTree = BUILT_PRODUCTS_DIR;
		};
		A382C6BD24E34471009EF2F8 /* Streams.framework */ = {
			isa = PBXReferenceProxy;
			fileType = wrapper.framework;
			path = Streams.framework;
			remoteRef = A382C6BC24E34471009EF2F8 /* PBXContainerItemProxy */;
			sourceTree = BUILT_PRODUCTS_DIR;
		};
		A382C6BF24E34471009EF2F8 /* StreamsTests.xctest */ = {
			isa = PBXReferenceProxy;
			fileType = wrapper.cfbundle;
			path = StreamsTests.xctest;
			remoteRef = A382C6BE24E34471009EF2F8 /* PBXContainerItemProxy */;
			sourceTree = BUILT_PRODUCTS_DIR;
		};
		A3C58A5524E468E80076B8B5 /* Authentication.framework */ = {
			isa = PBXReferenceProxy;
			fileType = wrapper.framework;
			path = Authentication.framework;
			remoteRef = A3C58A5424E468E80076B8B5 /* PBXContainerItemProxy */;
			sourceTree = BUILT_PRODUCTS_DIR;
		};
		A3C58A5724E468E80076B8B5 /* AuthenticationTests.xctest */ = {
			isa = PBXReferenceProxy;
			fileType = wrapper.cfbundle;
			path = AuthenticationTests.xctest;
			remoteRef = A3C58A5624E468E80076B8B5 /* PBXContainerItemProxy */;
			sourceTree = BUILT_PRODUCTS_DIR;
		};
		A3C58A6624E4A4280076B8B5 /* Redux.framework */ = {
			isa = PBXReferenceProxy;
			fileType = wrapper.framework;
			path = Redux.framework;
			remoteRef = A3C58A6524E4A4280076B8B5 /* PBXContainerItemProxy */;
			sourceTree = BUILT_PRODUCTS_DIR;
		};
		A3C58A6824E4A4280076B8B5 /* ReduxTests.xctest */ = {
			isa = PBXReferenceProxy;
			fileType = wrapper.cfbundle;
			path = ReduxTests.xctest;
			remoteRef = A3C58A6724E4A4280076B8B5 /* PBXContainerItemProxy */;
			sourceTree = BUILT_PRODUCTS_DIR;
		};
/* End PBXReferenceProxy section */

/* Begin PBXResourcesBuildPhase section */
		A382C5B424E1C07E009EF2F8 /* Resources */ = {
			isa = PBXResourcesBuildPhase;
			buildActionMask = 2147483647;
			files = (
				A382C5C624E1C07F009EF2F8 /* LaunchScreen.storyboard in Resources */,
				A382C5C324E1C07F009EF2F8 /* Assets.xcassets in Resources */,
				A382C5E024E1E961009EF2F8 /* Application.strings in Resources */,
			);
			runOnlyForDeploymentPostprocessing = 0;
		};
		A382C5CA24E1C07F009EF2F8 /* Resources */ = {
			isa = PBXResourcesBuildPhase;
			buildActionMask = 2147483647;
			files = (
			);
			runOnlyForDeploymentPostprocessing = 0;
		};
/* End PBXResourcesBuildPhase section */

/* Begin PBXShellScriptBuildPhase section */
		3AFBD15F3E41D574E36CF02C /* [CP] Embed Pods Frameworks */ = {
			isa = PBXShellScriptBuildPhase;
			buildActionMask = 2147483647;
			files = (
			);
			inputFileListPaths = (
				"${PODS_ROOT}/Target Support Files/Pods-Application/Pods-Application-frameworks-${CONFIGURATION}-input-files.xcfilelist",
			);
			name = "[CP] Embed Pods Frameworks";
			outputFileListPaths = (
				"${PODS_ROOT}/Target Support Files/Pods-Application/Pods-Application-frameworks-${CONFIGURATION}-output-files.xcfilelist",
			);
			runOnlyForDeploymentPostprocessing = 0;
			shellPath = /bin/sh;
			shellScript = "\"${PODS_ROOT}/Target Support Files/Pods-Application/Pods-Application-frameworks.sh\"\n";
			showEnvVarsInLog = 0;
		};
		768B5C000CB2B19ADF19D755 /* [CP] Check Pods Manifest.lock */ = {
			isa = PBXShellScriptBuildPhase;
			buildActionMask = 2147483647;
			files = (
			);
			inputFileListPaths = (
			);
			inputPaths = (
				"${PODS_PODFILE_DIR_PATH}/Podfile.lock",
				"${PODS_ROOT}/Manifest.lock",
			);
			name = "[CP] Check Pods Manifest.lock";
			outputFileListPaths = (
			);
			outputPaths = (
				"$(DERIVED_FILE_DIR)/Pods-Application-checkManifestLockResult.txt",
			);
			runOnlyForDeploymentPostprocessing = 0;
			shellPath = /bin/sh;
			shellScript = "diff \"${PODS_PODFILE_DIR_PATH}/Podfile.lock\" \"${PODS_ROOT}/Manifest.lock\" > /dev/null\nif [ $? != 0 ] ; then\n    # print error to STDERR\n    echo \"error: The sandbox is not in sync with the Podfile.lock. Run 'pod install' or update your CocoaPods installation.\" >&2\n    exit 1\nfi\n# This output is used by Xcode 'outputs' to avoid re-running this script phase.\necho \"SUCCESS\" > \"${SCRIPT_OUTPUT_FILE_0}\"\n";
			showEnvVarsInLog = 0;
		};
		A3F18EEF24E9967A007ADEE2 /* Run SwiftGen */ = {
			isa = PBXShellScriptBuildPhase;
			buildActionMask = 2147483647;
			files = (
			);
			inputFileListPaths = (
			);
			inputPaths = (
			);
			name = "Run SwiftGen";
			outputFileListPaths = (
			);
			outputPaths = (
			);
			runOnlyForDeploymentPostprocessing = 0;
			shellPath = /bin/sh;
			shellScript = "\"$PODS_ROOT/SwiftGen/bin/swiftgen\"\n";
		};
		F9D9FD6CFD16AB28747EDF30 /* [CP] Check Pods Manifest.lock */ = {
			isa = PBXShellScriptBuildPhase;
			buildActionMask = 2147483647;
			files = (
			);
			inputFileListPaths = (
			);
			inputPaths = (
				"${PODS_PODFILE_DIR_PATH}/Podfile.lock",
				"${PODS_ROOT}/Manifest.lock",
			);
			name = "[CP] Check Pods Manifest.lock";
			outputFileListPaths = (
			);
			outputPaths = (
				"$(DERIVED_FILE_DIR)/Pods-ApplicationTests-checkManifestLockResult.txt",
			);
			runOnlyForDeploymentPostprocessing = 0;
			shellPath = /bin/sh;
			shellScript = "diff \"${PODS_PODFILE_DIR_PATH}/Podfile.lock\" \"${PODS_ROOT}/Manifest.lock\" > /dev/null\nif [ $? != 0 ] ; then\n    # print error to STDERR\n    echo \"error: The sandbox is not in sync with the Podfile.lock. Run 'pod install' or update your CocoaPods installation.\" >&2\n    exit 1\nfi\n# This output is used by Xcode 'outputs' to avoid re-running this script phase.\necho \"SUCCESS\" > \"${SCRIPT_OUTPUT_FILE_0}\"\n";
			showEnvVarsInLog = 0;
		};
/* End PBXShellScriptBuildPhase section */

/* Begin PBXSourcesBuildPhase section */
		A382C5B224E1C07E009EF2F8 /* Sources */ = {
			isa = PBXSourcesBuildPhase;
			buildActionMask = 2147483647;
			files = (
				A382C5BE24E1C07E009EF2F8 /* SignUpViewController.swift in Sources */,
				A3F18EDC24E73D60007ADEE2 /* FeedItemViewController.swift in Sources */,
				A3F18ECB24E72289007ADEE2 /* SignUpViewModel.swift in Sources */,
				A382C5BA24E1C07E009EF2F8 /* AppDelegate.swift in Sources */,
				A3F18ED524E722D0007ADEE2 /* EmailValidation.swift in Sources */,
				A3F18EBD24E70F38007ADEE2 /* FeedCollectionViewLayout.swift in Sources */,
				A3F18EBB24E70C0A007ADEE2 /* FeedItemCollectionViewCell.swift in Sources */,
				A3C58A8124E6F9E60076B8B5 /* AppCoordinator.swift in Sources */,
				A3C58A7D24E59F150076B8B5 /* AuthenticationRedux.swift in Sources */,
				A3C58A7B24E5945A0076B8B5 /* AppRedux.swift in Sources */,
				A37C6E5A24E3A2DD00C7FBED /* FeedViewController.swift in Sources */,
				A3F18EEC24E87923007ADEE2 /* Strings+Generated.swift in Sources */,
				A3F18EB724E70B00007ADEE2 /* Reusable.swift in Sources */,
				A3C58A5F24E4A4190076B8B5 /* SignUpRedux.swift in Sources */,
				A37C6E5C24E3A30200C7FBED /* FeedView.swift in Sources */,
				A3F18EDE24E73D79007ADEE2 /* FeedItemView.swift in Sources */,
				A382C5DC24E1D576009EF2F8 /* SignUpView.swift in Sources */,
				A3F18EB524E70A4E007ADEE2 /* UIView+SafeArea.swift in Sources */,
				A3F18EEA24E8782A007ADEE2 /* ProfileViewController.swift in Sources */,
				A3C58A8324E6FFFE0076B8B5 /* FeedRedux.swift in Sources */,
				A3C58A8524E700420076B8B5 /* FeedCategory.swift in Sources */,
				A3F18EEE24E87E62007ADEE2 /* XCAssets+Generated.swift in Sources */,
			);
			runOnlyForDeploymentPostprocessing = 0;
		};
		A382C5C824E1C07F009EF2F8 /* Sources */ = {
			isa = PBXSourcesBuildPhase;
			buildActionMask = 2147483647;
			files = (
				A3F18EDA24E7257D007ADEE2 /* EmailValidationTests.swift in Sources */,
				A3F18EE624E8462A007ADEE2 /* KeychainAccessTests.swift in Sources */,
			);
			runOnlyForDeploymentPostprocessing = 0;
		};
/* End PBXSourcesBuildPhase section */

/* Begin PBXTargetDependency section */
		A382C5CE24E1C07F009EF2F8 /* PBXTargetDependency */ = {
			isa = PBXTargetDependency;
			target = A382C5B524E1C07E009EF2F8 /* Application */;
			targetProxy = A382C5CD24E1C07F009EF2F8 /* PBXContainerItemProxy */;
		};
/* End PBXTargetDependency section */

/* Begin PBXVariantGroup section */
		A382C5C424E1C07F009EF2F8 /* LaunchScreen.storyboard */ = {
			isa = PBXVariantGroup;
			children = (
				A382C5C524E1C07F009EF2F8 /* Base */,
			);
			name = LaunchScreen.storyboard;
			sourceTree = "<group>";
		};
/* End PBXVariantGroup section */

/* Begin XCBuildConfiguration section */
		A382C5D324E1C07F009EF2F8 /* Debug */ = {
			isa = XCBuildConfiguration;
			buildSettings = {
				ALWAYS_SEARCH_USER_PATHS = NO;
				CLANG_ANALYZER_NONNULL = YES;
				CLANG_ANALYZER_NUMBER_OBJECT_CONVERSION = YES_AGGRESSIVE;
				CLANG_CXX_LANGUAGE_STANDARD = "gnu++14";
				CLANG_CXX_LIBRARY = "libc++";
				CLANG_ENABLE_MODULES = YES;
				CLANG_ENABLE_OBJC_ARC = YES;
				CLANG_ENABLE_OBJC_WEAK = YES;
				CLANG_WARN_BLOCK_CAPTURE_AUTORELEASING = YES;
				CLANG_WARN_BOOL_CONVERSION = YES;
				CLANG_WARN_COMMA = YES;
				CLANG_WARN_CONSTANT_CONVERSION = YES;
				CLANG_WARN_DEPRECATED_OBJC_IMPLEMENTATIONS = YES;
				CLANG_WARN_DIRECT_OBJC_ISA_USAGE = YES_ERROR;
				CLANG_WARN_DOCUMENTATION_COMMENTS = YES;
				CLANG_WARN_EMPTY_BODY = YES;
				CLANG_WARN_ENUM_CONVERSION = YES;
				CLANG_WARN_INFINITE_RECURSION = YES;
				CLANG_WARN_INT_CONVERSION = YES;
				CLANG_WARN_NON_LITERAL_NULL_CONVERSION = YES;
				CLANG_WARN_OBJC_IMPLICIT_RETAIN_SELF = YES;
				CLANG_WARN_OBJC_LITERAL_CONVERSION = YES;
				CLANG_WARN_OBJC_ROOT_CLASS = YES_ERROR;
				CLANG_WARN_RANGE_LOOP_ANALYSIS = YES;
				CLANG_WARN_STRICT_PROTOTYPES = YES;
				CLANG_WARN_SUSPICIOUS_MOVE = YES;
				CLANG_WARN_UNGUARDED_AVAILABILITY = YES_AGGRESSIVE;
				CLANG_WARN_UNREACHABLE_CODE = YES;
				CLANG_WARN__DUPLICATE_METHOD_MATCH = YES;
				COPY_PHASE_STRIP = NO;
				DEBUG_INFORMATION_FORMAT = dwarf;
				ENABLE_STRICT_OBJC_MSGSEND = YES;
				ENABLE_TESTABILITY = YES;
				GCC_C_LANGUAGE_STANDARD = gnu11;
				GCC_DYNAMIC_NO_PIC = NO;
				GCC_NO_COMMON_BLOCKS = YES;
				GCC_OPTIMIZATION_LEVEL = 0;
				GCC_PREPROCESSOR_DEFINITIONS = (
					"DEBUG=1",
					"$(inherited)",
				);
				GCC_WARN_64_TO_32_BIT_CONVERSION = YES;
				GCC_WARN_ABOUT_RETURN_TYPE = YES_ERROR;
				GCC_WARN_UNDECLARED_SELECTOR = YES;
				GCC_WARN_UNINITIALIZED_AUTOS = YES_AGGRESSIVE;
				GCC_WARN_UNUSED_FUNCTION = YES;
				GCC_WARN_UNUSED_VARIABLE = YES;
				IPHONEOS_DEPLOYMENT_TARGET = 9.0;
				MTL_ENABLE_DEBUG_INFO = INCLUDE_SOURCE;
				MTL_FAST_MATH = YES;
				ONLY_ACTIVE_ARCH = YES;
				SDKROOT = iphoneos;
				SWIFT_ACTIVE_COMPILATION_CONDITIONS = DEBUG;
				SWIFT_OPTIMIZATION_LEVEL = "-Onone";
			};
			name = Debug;
		};
		A382C5D424E1C07F009EF2F8 /* Release */ = {
			isa = XCBuildConfiguration;
			buildSettings = {
				ALWAYS_SEARCH_USER_PATHS = NO;
				CLANG_ANALYZER_NONNULL = YES;
				CLANG_ANALYZER_NUMBER_OBJECT_CONVERSION = YES_AGGRESSIVE;
				CLANG_CXX_LANGUAGE_STANDARD = "gnu++14";
				CLANG_CXX_LIBRARY = "libc++";
				CLANG_ENABLE_MODULES = YES;
				CLANG_ENABLE_OBJC_ARC = YES;
				CLANG_ENABLE_OBJC_WEAK = YES;
				CLANG_WARN_BLOCK_CAPTURE_AUTORELEASING = YES;
				CLANG_WARN_BOOL_CONVERSION = YES;
				CLANG_WARN_COMMA = YES;
				CLANG_WARN_CONSTANT_CONVERSION = YES;
				CLANG_WARN_DEPRECATED_OBJC_IMPLEMENTATIONS = YES;
				CLANG_WARN_DIRECT_OBJC_ISA_USAGE = YES_ERROR;
				CLANG_WARN_DOCUMENTATION_COMMENTS = YES;
				CLANG_WARN_EMPTY_BODY = YES;
				CLANG_WARN_ENUM_CONVERSION = YES;
				CLANG_WARN_INFINITE_RECURSION = YES;
				CLANG_WARN_INT_CONVERSION = YES;
				CLANG_WARN_NON_LITERAL_NULL_CONVERSION = YES;
				CLANG_WARN_OBJC_IMPLICIT_RETAIN_SELF = YES;
				CLANG_WARN_OBJC_LITERAL_CONVERSION = YES;
				CLANG_WARN_OBJC_ROOT_CLASS = YES_ERROR;
				CLANG_WARN_RANGE_LOOP_ANALYSIS = YES;
				CLANG_WARN_STRICT_PROTOTYPES = YES;
				CLANG_WARN_SUSPICIOUS_MOVE = YES;
				CLANG_WARN_UNGUARDED_AVAILABILITY = YES_AGGRESSIVE;
				CLANG_WARN_UNREACHABLE_CODE = YES;
				CLANG_WARN__DUPLICATE_METHOD_MATCH = YES;
				COPY_PHASE_STRIP = NO;
				DEBUG_INFORMATION_FORMAT = "dwarf-with-dsym";
				ENABLE_NS_ASSERTIONS = NO;
				ENABLE_STRICT_OBJC_MSGSEND = YES;
				GCC_C_LANGUAGE_STANDARD = gnu11;
				GCC_NO_COMMON_BLOCKS = YES;
				GCC_WARN_64_TO_32_BIT_CONVERSION = YES;
				GCC_WARN_ABOUT_RETURN_TYPE = YES_ERROR;
				GCC_WARN_UNDECLARED_SELECTOR = YES;
				GCC_WARN_UNINITIALIZED_AUTOS = YES_AGGRESSIVE;
				GCC_WARN_UNUSED_FUNCTION = YES;
				GCC_WARN_UNUSED_VARIABLE = YES;
				IPHONEOS_DEPLOYMENT_TARGET = 9.0;
				MTL_ENABLE_DEBUG_INFO = NO;
				MTL_FAST_MATH = YES;
				SDKROOT = iphoneos;
				SWIFT_COMPILATION_MODE = wholemodule;
				SWIFT_OPTIMIZATION_LEVEL = "-O";
				VALIDATE_PRODUCT = YES;
			};
			name = Release;
		};
		A382C5D624E1C07F009EF2F8 /* Debug */ = {
			isa = XCBuildConfiguration;
			baseConfigurationReference = 85E5457EB121C4F8A711CC13 /* Pods-Application.debug.xcconfig */;
			buildSettings = {
				ASSETCATALOG_COMPILER_APPICON_NAME = AppIcon;
				CODE_SIGN_STYLE = Automatic;
				DEVELOPMENT_TEAM = 8Q86GGRUX8;
				INFOPLIST_FILE = Sources/Info.plist;
				IPHONEOS_DEPLOYMENT_TARGET = 9.0;
				LD_RUNPATH_SEARCH_PATHS = (
					"$(inherited)",
					"@executable_path/Frameworks",
				);
				MARKETING_VERSION = 0.1.0;
				PRODUCT_BUNDLE_IDENTIFIER = com.fellipecaetano.iddog;
				PRODUCT_NAME = iddog;
				SWIFT_VERSION = 5.0;
				TARGETED_DEVICE_FAMILY = 1;
			};
			name = Debug;
		};
		A382C5D724E1C07F009EF2F8 /* Release */ = {
			isa = XCBuildConfiguration;
			baseConfigurationReference = 4DD6BFE613441D2C2B360AAD /* Pods-Application.release.xcconfig */;
			buildSettings = {
				ASSETCATALOG_COMPILER_APPICON_NAME = AppIcon;
				CODE_SIGN_STYLE = Automatic;
				DEVELOPMENT_TEAM = 8Q86GGRUX8;
				INFOPLIST_FILE = Sources/Info.plist;
				IPHONEOS_DEPLOYMENT_TARGET = 9.0;
				LD_RUNPATH_SEARCH_PATHS = (
					"$(inherited)",
					"@executable_path/Frameworks",
				);
				MARKETING_VERSION = 0.1.0;
				PRODUCT_BUNDLE_IDENTIFIER = com.fellipecaetano.iddog;
				PRODUCT_NAME = iddog;
				SWIFT_VERSION = 5.0;
				TARGETED_DEVICE_FAMILY = 1;
			};
			name = Release;
		};
		A382C5D924E1C07F009EF2F8 /* Debug */ = {
			isa = XCBuildConfiguration;
			baseConfigurationReference = 9F23FC7685F86DFDCA31A350 /* Pods-ApplicationTests.debug.xcconfig */;
			buildSettings = {
				ALWAYS_EMBED_SWIFT_STANDARD_LIBRARIES = "$(inherited)";
				BUNDLE_LOADER = "$(TEST_HOST)";
				CLANG_ENABLE_MODULES = YES;
				CODE_SIGN_STYLE = Automatic;
				DEVELOPMENT_TEAM = 8Q86GGRUX8;
				INFOPLIST_FILE = Tests/Info.plist;
				IPHONEOS_DEPLOYMENT_TARGET = 13.2;
				LD_RUNPATH_SEARCH_PATHS = (
					"$(inherited)",
					"@executable_path/Frameworks",
					"@loader_path/Frameworks",
				);
				PRODUCT_BUNDLE_IDENTIFIER = com.fellipecaetano.ApplicationTests;
				PRODUCT_NAME = "$(TARGET_NAME)";
				SWIFT_OPTIMIZATION_LEVEL = "-Onone";
				SWIFT_VERSION = 5.0;
				TARGETED_DEVICE_FAMILY = "1,2";
				TEST_HOST = "$(BUILT_PRODUCTS_DIR)/iddog.app/iddog";
			};
			name = Debug;
		};
		A382C5DA24E1C07F009EF2F8 /* Release */ = {
			isa = XCBuildConfiguration;
			baseConfigurationReference = 42BFB269FD6D473084642106 /* Pods-ApplicationTests.release.xcconfig */;
			buildSettings = {
				ALWAYS_EMBED_SWIFT_STANDARD_LIBRARIES = "$(inherited)";
				BUNDLE_LOADER = "$(TEST_HOST)";
				CLANG_ENABLE_MODULES = YES;
				CODE_SIGN_STYLE = Automatic;
				DEVELOPMENT_TEAM = 8Q86GGRUX8;
				INFOPLIST_FILE = Tests/Info.plist;
				IPHONEOS_DEPLOYMENT_TARGET = 13.2;
				LD_RUNPATH_SEARCH_PATHS = (
					"$(inherited)",
					"@executable_path/Frameworks",
					"@loader_path/Frameworks",
				);
				PRODUCT_BUNDLE_IDENTIFIER = com.fellipecaetano.ApplicationTests;
				PRODUCT_NAME = "$(TARGET_NAME)";
				SWIFT_VERSION = 5.0;
				TARGETED_DEVICE_FAMILY = "1,2";
				TEST_HOST = "$(BUILT_PRODUCTS_DIR)/iddog.app/iddog";
			};
			name = Release;
		};
/* End XCBuildConfiguration section */

/* Begin XCConfigurationList section */
		A382C5B124E1C07E009EF2F8 /* Build configuration list for PBXProject "Application" */ = {
			isa = XCConfigurationList;
			buildConfigurations = (
				A382C5D324E1C07F009EF2F8 /* Debug */,
				A382C5D424E1C07F009EF2F8 /* Release */,
			);
			defaultConfigurationIsVisible = 0;
			defaultConfigurationName = Release;
		};
		A382C5D524E1C07F009EF2F8 /* Build configuration list for PBXNativeTarget "Application" */ = {
			isa = XCConfigurationList;
			buildConfigurations = (
				A382C5D624E1C07F009EF2F8 /* Debug */,
				A382C5D724E1C07F009EF2F8 /* Release */,
			);
			defaultConfigurationIsVisible = 0;
			defaultConfigurationName = Release;
		};
		A382C5D824E1C07F009EF2F8 /* Build configuration list for PBXNativeTarget "ApplicationTests" */ = {
			isa = XCConfigurationList;
			buildConfigurations = (
				A382C5D924E1C07F009EF2F8 /* Debug */,
				A382C5DA24E1C07F009EF2F8 /* Release */,
			);
			defaultConfigurationIsVisible = 0;
			defaultConfigurationName = Release;
		};
/* End XCConfigurationList section */
	};
	rootObject = A382C5AE24E1C07E009EF2F8 /* Project object */;
}
