// !$*UTF8*$!
{
	archiveVersion = 1;
	classes = {
	};
	objectVersion = 50;
	objects = {

/* Begin PBXBuildFile section */
		1E9C28B5B9BA8D01DBD2F1EE /* Pods_ApplicationTests.framework in Frameworks */ = {isa = PBXBuildFile; fileRef = 1C681A28431772143D2CB5BA /* Pods_ApplicationTests.framework */; };
		A382C5BA24E1C07E009EF2F8 /* AppDelegate.swift in Sources */ = {isa = PBXBuildFile; fileRef = A382C5B924E1C07E009EF2F8 /* AppDelegate.swift */; };
		A382C5BE24E1C07E009EF2F8 /* SignInViewController.swift in Sources */ = {isa = PBXBuildFile; fileRef = A382C5BD24E1C07E009EF2F8 /* SignInViewController.swift */; };
		A382C5C324E1C07F009EF2F8 /* Assets.xcassets in Resources */ = {isa = PBXBuildFile; fileRef = A382C5C224E1C07F009EF2F8 /* Assets.xcassets */; };
		A382C5C624E1C07F009EF2F8 /* LaunchScreen.storyboard in Resources */ = {isa = PBXBuildFile; fileRef = A382C5C424E1C07F009EF2F8 /* LaunchScreen.storyboard */; };
		A382C5D124E1C07F009EF2F8 /* ApplicationTests.swift in Sources */ = {isa = PBXBuildFile; fileRef = A382C5D024E1C07F009EF2F8 /* ApplicationTests.swift */; };
		A382C5DC24E1D576009EF2F8 /* SignInView.swift in Sources */ = {isa = PBXBuildFile; fileRef = A382C5DB24E1D576009EF2F8 /* SignInView.swift */; };
		E0576717116519E922E27288 /* Pods_Application.framework in Frameworks */ = {isa = PBXBuildFile; fileRef = 9100A121CF07C8907AB9B43D /* Pods_Application.framework */; };
/* End PBXBuildFile section */

/* Begin PBXContainerItemProxy section */
		A382C5CD24E1C07F009EF2F8 /* PBXContainerItemProxy */ = {
			isa = PBXContainerItemProxy;
			containerPortal = A382C5AE24E1C07E009EF2F8 /* Project object */;
			proxyType = 1;
			remoteGlobalIDString = A382C5B524E1C07E009EF2F8;
			remoteInfo = Application;
		};
/* End PBXContainerItemProxy section */

/* Begin PBXFileReference section */
		1C681A28431772143D2CB5BA /* Pods_ApplicationTests.framework */ = {isa = PBXFileReference; explicitFileType = wrapper.framework; includeInIndex = 0; path = Pods_ApplicationTests.framework; sourceTree = BUILT_PRODUCTS_DIR; };
		42BFB269FD6D473084642106 /* Pods-ApplicationTests.release.xcconfig */ = {isa = PBXFileReference; includeInIndex = 1; lastKnownFileType = text.xcconfig; name = "Pods-ApplicationTests.release.xcconfig"; path = "Target Support Files/Pods-ApplicationTests/Pods-ApplicationTests.release.xcconfig"; sourceTree = "<group>"; };
		4DD6BFE613441D2C2B360AAD /* Pods-Application.release.xcconfig */ = {isa = PBXFileReference; includeInIndex = 1; lastKnownFileType = text.xcconfig; name = "Pods-Application.release.xcconfig"; path = "Target Support Files/Pods-Application/Pods-Application.release.xcconfig"; sourceTree = "<group>"; };
		85E5457EB121C4F8A711CC13 /* Pods-Application.debug.xcconfig */ = {isa = PBXFileReference; includeInIndex = 1; lastKnownFileType = text.xcconfig; name = "Pods-Application.debug.xcconfig"; path = "Target Support Files/Pods-Application/Pods-Application.debug.xcconfig"; sourceTree = "<group>"; };
		9100A121CF07C8907AB9B43D /* Pods_Application.framework */ = {isa = PBXFileReference; explicitFileType = wrapper.framework; includeInIndex = 0; path = Pods_Application.framework; sourceTree = BUILT_PRODUCTS_DIR; };
		9F23FC7685F86DFDCA31A350 /* Pods-ApplicationTests.debug.xcconfig */ = {isa = PBXFileReference; includeInIndex = 1; lastKnownFileType = text.xcconfig; name = "Pods-ApplicationTests.debug.xcconfig"; path = "Target Support Files/Pods-ApplicationTests/Pods-ApplicationTests.debug.xcconfig"; sourceTree = "<group>"; };
		A382C5B624E1C07E009EF2F8 /* iddog.app */ = {isa = PBXFileReference; explicitFileType = wrapper.application; includeInIndex = 0; path = iddog.app; sourceTree = BUILT_PRODUCTS_DIR; };
		A382C5B924E1C07E009EF2F8 /* AppDelegate.swift */ = {isa = PBXFileReference; lastKnownFileType = sourcecode.swift; path = AppDelegate.swift; sourceTree = "<group>"; };
		A382C5BD24E1C07E009EF2F8 /* SignInViewController.swift */ = {isa = PBXFileReference; lastKnownFileType = sourcecode.swift; path = SignInViewController.swift; sourceTree = "<group>"; };
		A382C5C224E1C07F009EF2F8 /* Assets.xcassets */ = {isa = PBXFileReference; lastKnownFileType = folder.assetcatalog; path = Assets.xcassets; sourceTree = "<group>"; };
		A382C5C524E1C07F009EF2F8 /* Base */ = {isa = PBXFileReference; lastKnownFileType = file.storyboard; name = Base; path = Base.lproj/LaunchScreen.storyboard; sourceTree = "<group>"; };
		A382C5C724E1C07F009EF2F8 /* Info.plist */ = {isa = PBXFileReference; lastKnownFileType = text.plist.xml; path = Info.plist; sourceTree = "<group>"; };
		A382C5CC24E1C07F009EF2F8 /* ApplicationTests.xctest */ = {isa = PBXFileReference; explicitFileType = wrapper.cfbundle; includeInIndex = 0; path = ApplicationTests.xctest; sourceTree = BUILT_PRODUCTS_DIR; };
		A382C5D024E1C07F009EF2F8 /* ApplicationTests.swift */ = {isa = PBXFileReference; lastKnownFileType = sourcecode.swift; path = ApplicationTests.swift; sourceTree = "<group>"; };
		A382C5D224E1C07F009EF2F8 /* Info.plist */ = {isa = PBXFileReference; lastKnownFileType = text.plist.xml; path = Info.plist; sourceTree = "<group>"; };
		A382C5DB24E1D576009EF2F8 /* SignInView.swift */ = {isa = PBXFileReference; lastKnownFileType = sourcecode.swift; path = SignInView.swift; sourceTree = "<group>"; };
/* End PBXFileReference section */

/* Begin PBXFrameworksBuildPhase section */
		A382C5B324E1C07E009EF2F8 /* Frameworks */ = {
			isa = PBXFrameworksBuildPhase;
			buildActionMask = 2147483647;
			files = (
				E0576717116519E922E27288 /* Pods_Application.framework in Frameworks */,
			);
			runOnlyForDeploymentPostprocessing = 0;
		};
		A382C5C924E1C07F009EF2F8 /* Frameworks */ = {
			isa = PBXFrameworksBuildPhase;
			buildActionMask = 2147483647;
			files = (
				1E9C28B5B9BA8D01DBD2F1EE /* Pods_ApplicationTests.framework in Frameworks */,
			);
			runOnlyForDeploymentPostprocessing = 0;
		};
/* End PBXFrameworksBuildPhase section */

/* Begin PBXGroup section */
		A382C5AD24E1C07E009EF2F8 = {
			isa = PBXGroup;
			children = (
				A382C5DE24E1E689009EF2F8 /* Resources */,
				A382C5B824E1C07E009EF2F8 /* Sources */,
				A382C5CF24E1C07F009EF2F8 /* Tests */,
				A382C5B724E1C07E009EF2F8 /* Products */,
				EF9EA57EE4111A7518C162AD /* Pods */,
				CFFF7635A125201DEC2FD842 /* Frameworks */,
			);
			sourceTree = "<group>";
		};
		A382C5B724E1C07E009EF2F8 /* Products */ = {
			isa = PBXGroup;
			children = (
				A382C5B624E1C07E009EF2F8 /* iddog.app */,
				A382C5CC24E1C07F009EF2F8 /* ApplicationTests.xctest */,
			);
			name = Products;
			sourceTree = "<group>";
		};
		A382C5B824E1C07E009EF2F8 /* Sources */ = {
			isa = PBXGroup;
			children = (
				A382C5B924E1C07E009EF2F8 /* AppDelegate.swift */,
				A382C5BD24E1C07E009EF2F8 /* SignInViewController.swift */,
				A382C5C224E1C07F009EF2F8 /* Assets.xcassets */,
				A382C5C424E1C07F009EF2F8 /* LaunchScreen.storyboard */,
				A382C5C724E1C07F009EF2F8 /* Info.plist */,
				A382C5DB24E1D576009EF2F8 /* SignInView.swift */,
			);
			path = Sources;
			sourceTree = "<group>";
		};
		A382C5CF24E1C07F009EF2F8 /* Tests */ = {
			isa = PBXGroup;
			children = (
				A382C5D024E1C07F009EF2F8 /* ApplicationTests.swift */,
				A382C5D224E1C07F009EF2F8 /* Info.plist */,
			);
			path = Tests;
			sourceTree = "<group>";
		};
		A382C5DE24E1E689009EF2F8 /* Resources */ = {
			isa = PBXGroup;
			children = (
			);
			path = Resources;
			sourceTree = "<group>";
		};
		CFFF7635A125201DEC2FD842 /* Frameworks */ = {
			isa = PBXGroup;
			children = (
				9100A121CF07C8907AB9B43D /* Pods_Application.framework */,
				1C681A28431772143D2CB5BA /* Pods_ApplicationTests.framework */,
			);
			name = Frameworks;
			sourceTree = "<group>";
		};
		EF9EA57EE4111A7518C162AD /* Pods */ = {
			isa = PBXGroup;
			children = (
				85E5457EB121C4F8A711CC13 /* Pods-Application.debug.xcconfig */,
				4DD6BFE613441D2C2B360AAD /* Pods-Application.release.xcconfig */,
				9F23FC7685F86DFDCA31A350 /* Pods-ApplicationTests.debug.xcconfig */,
				42BFB269FD6D473084642106 /* Pods-ApplicationTests.release.xcconfig */,
			);
			name = Pods;
			path = ../Pods;
			sourceTree = "<group>";
		};
/* End PBXGroup section */

/* Begin PBXNativeTarget section */
		A382C5B524E1C07E009EF2F8 /* Application */ = {
			isa = PBXNativeTarget;
			buildConfigurationList = A382C5D524E1C07F009EF2F8 /* Build configuration list for PBXNativeTarget "Application" */;
			buildPhases = (
				768B5C000CB2B19ADF19D755 /* [CP] Check Pods Manifest.lock */,
				A382C5B224E1C07E009EF2F8 /* Sources */,
				A382C5B324E1C07E009EF2F8 /* Frameworks */,
				A382C5B424E1C07E009EF2F8 /* Resources */,
			);
			buildRules = (
			);
			dependencies = (
			);
			name = Application;
			productName = Application;
			productReference = A382C5B624E1C07E009EF2F8 /* iddog.app */;
			productType = "com.apple.product-type.application";
		};
		A382C5CB24E1C07F009EF2F8 /* ApplicationTests */ = {
			isa = PBXNativeTarget;
			buildConfigurationList = A382C5D824E1C07F009EF2F8 /* Build configuration list for PBXNativeTarget "ApplicationTests" */;
			buildPhases = (
				F9D9FD6CFD16AB28747EDF30 /* [CP] Check Pods Manifest.lock */,
				A382C5C824E1C07F009EF2F8 /* Sources */,
				A382C5C924E1C07F009EF2F8 /* Frameworks */,
				A382C5CA24E1C07F009EF2F8 /* Resources */,
			);
			buildRules = (
			);
			dependencies = (
				A382C5CE24E1C07F009EF2F8 /* PBXTargetDependency */,
			);
			name = ApplicationTests;
			productName = ApplicationTests;
			productReference = A382C5CC24E1C07F009EF2F8 /* ApplicationTests.xctest */;
			productType = "com.apple.product-type.bundle.unit-test";
		};
/* End PBXNativeTarget section */

/* Begin PBXProject section */
		A382C5AE24E1C07E009EF2F8 /* Project object */ = {
			isa = PBXProject;
			attributes = {
				LastSwiftUpdateCheck = 1130;
				LastUpgradeCheck = 1130;
				ORGANIZATIONNAME = "Fellipe Caetano";
				TargetAttributes = {
					A382C5B524E1C07E009EF2F8 = {
						CreatedOnToolsVersion = 11.3.1;
					};
					A382C5CB24E1C07F009EF2F8 = {
						CreatedOnToolsVersion = 11.3.1;
						TestTargetID = A382C5B524E1C07E009EF2F8;
					};
				};
			};
			buildConfigurationList = A382C5B124E1C07E009EF2F8 /* Build configuration list for PBXProject "Application" */;
			compatibilityVersion = "Xcode 9.3";
			developmentRegion = en;
			hasScannedForEncodings = 0;
			knownRegions = (
				en,
				Base,
			);
			mainGroup = A382C5AD24E1C07E009EF2F8;
			productRefGroup = A382C5B724E1C07E009EF2F8 /* Products */;
			projectDirPath = "";
			projectRoot = "";
			targets = (
				A382C5B524E1C07E009EF2F8 /* Application */,
				A382C5CB24E1C07F009EF2F8 /* ApplicationTests */,
			);
		};
/* End PBXProject section */

/* Begin PBXResourcesBuildPhase section */
		A382C5B424E1C07E009EF2F8 /* Resources */ = {
			isa = PBXResourcesBuildPhase;
			buildActionMask = 2147483647;
			files = (
				A382C5C624E1C07F009EF2F8 /* LaunchScreen.storyboard in Resources */,
				A382C5C324E1C07F009EF2F8 /* Assets.xcassets in Resources */,
			);
			runOnlyForDeploymentPostprocessing = 0;
		};
		A382C5CA24E1C07F009EF2F8 /* Resources */ = {
			isa = PBXResourcesBuildPhase;
			buildActionMask = 2147483647;
			files = (
			);
			runOnlyForDeploymentPostprocessing = 0;
		};
/* End PBXResourcesBuildPhase section */

/* Begin PBXShellScriptBuildPhase section */
		768B5C000CB2B19ADF19D755 /* [CP] Check Pods Manifest.lock */ = {
			isa = PBXShellScriptBuildPhase;
			buildActionMask = 2147483647;
			files = (
			);
			inputFileListPaths = (
			);
			inputPaths = (
				"${PODS_PODFILE_DIR_PATH}/Podfile.lock",
				"${PODS_ROOT}/Manifest.lock",
			);
			name = "[CP] Check Pods Manifest.lock";
			outputFileListPaths = (
			);
			outputPaths = (
				"$(DERIVED_FILE_DIR)/Pods-Application-checkManifestLockResult.txt",
			);
			runOnlyForDeploymentPostprocessing = 0;
			shellPath = /bin/sh;
			shellScript = "diff \"${PODS_PODFILE_DIR_PATH}/Podfile.lock\" \"${PODS_ROOT}/Manifest.lock\" > /dev/null\nif [ $? != 0 ] ; then\n    # print error to STDERR\n    echo \"error: The sandbox is not in sync with the Podfile.lock. Run 'pod install' or update your CocoaPods installation.\" >&2\n    exit 1\nfi\n# This output is used by Xcode 'outputs' to avoid re-running this script phase.\necho \"SUCCESS\" > \"${SCRIPT_OUTPUT_FILE_0}\"\n";
			showEnvVarsInLog = 0;
		};
		F9D9FD6CFD16AB28747EDF30 /* [CP] Check Pods Manifest.lock */ = {
			isa = PBXShellScriptBuildPhase;
			buildActionMask = 2147483647;
			files = (
			);
			inputFileListPaths = (
			);
			inputPaths = (
				"${PODS_PODFILE_DIR_PATH}/Podfile.lock",
				"${PODS_ROOT}/Manifest.lock",
			);
			name = "[CP] Check Pods Manifest.lock";
			outputFileListPaths = (
			);
			outputPaths = (
				"$(DERIVED_FILE_DIR)/Pods-ApplicationTests-checkManifestLockResult.txt",
			);
			runOnlyForDeploymentPostprocessing = 0;
			shellPath = /bin/sh;
			shellScript = "diff \"${PODS_PODFILE_DIR_PATH}/Podfile.lock\" \"${PODS_ROOT}/Manifest.lock\" > /dev/null\nif [ $? != 0 ] ; then\n    # print error to STDERR\n    echo \"error: The sandbox is not in sync with the Podfile.lock. Run 'pod install' or update your CocoaPods installation.\" >&2\n    exit 1\nfi\n# This output is used by Xcode 'outputs' to avoid re-running this script phase.\necho \"SUCCESS\" > \"${SCRIPT_OUTPUT_FILE_0}\"\n";
			showEnvVarsInLog = 0;
		};
/* End PBXShellScriptBuildPhase section */

/* Begin PBXSourcesBuildPhase section */
		A382C5B224E1C07E009EF2F8 /* Sources */ = {
			isa = PBXSourcesBuildPhase;
			buildActionMask = 2147483647;
			files = (
				A382C5BE24E1C07E009EF2F8 /* SignInViewController.swift in Sources */,
				A382C5BA24E1C07E009EF2F8 /* AppDelegate.swift in Sources */,
				A382C5DC24E1D576009EF2F8 /* SignInView.swift in Sources */,
			);
			runOnlyForDeploymentPostprocessing = 0;
		};
		A382C5C824E1C07F009EF2F8 /* Sources */ = {
			isa = PBXSourcesBuildPhase;
			buildActionMask = 2147483647;
			files = (
				A382C5D124E1C07F009EF2F8 /* ApplicationTests.swift in Sources */,
			);
			runOnlyForDeploymentPostprocessing = 0;
		};
/* End PBXSourcesBuildPhase section */

/* Begin PBXTargetDependency section */
		A382C5CE24E1C07F009EF2F8 /* PBXTargetDependency */ = {
			isa = PBXTargetDependency;
			target = A382C5B524E1C07E009EF2F8 /* Application */;
			targetProxy = A382C5CD24E1C07F009EF2F8 /* PBXContainerItemProxy */;
		};
/* End PBXTargetDependency section */

/* Begin PBXVariantGroup section */
		A382C5C424E1C07F009EF2F8 /* LaunchScreen.storyboard */ = {
			isa = PBXVariantGroup;
			children = (
				A382C5C524E1C07F009EF2F8 /* Base */,
			);
			name = LaunchScreen.storyboard;
			sourceTree = "<group>";
		};
/* End PBXVariantGroup section */

/* Begin XCBuildConfiguration section */
		A382C5D324E1C07F009EF2F8 /* Debug */ = {
			isa = XCBuildConfiguration;
			buildSettings = {
				ALWAYS_SEARCH_USER_PATHS = NO;
				CLANG_ANALYZER_NONNULL = YES;
				CLANG_ANALYZER_NUMBER_OBJECT_CONVERSION = YES_AGGRESSIVE;
				CLANG_CXX_LANGUAGE_STANDARD = "gnu++14";
				CLANG_CXX_LIBRARY = "libc++";
				CLANG_ENABLE_MODULES = YES;
				CLANG_ENABLE_OBJC_ARC = YES;
				CLANG_ENABLE_OBJC_WEAK = YES;
				CLANG_WARN_BLOCK_CAPTURE_AUTORELEASING = YES;
				CLANG_WARN_BOOL_CONVERSION = YES;
				CLANG_WARN_COMMA = YES;
				CLANG_WARN_CONSTANT_CONVERSION = YES;
				CLANG_WARN_DEPRECATED_OBJC_IMPLEMENTATIONS = YES;
				CLANG_WARN_DIRECT_OBJC_ISA_USAGE = YES_ERROR;
				CLANG_WARN_DOCUMENTATION_COMMENTS = YES;
				CLANG_WARN_EMPTY_BODY = YES;
				CLANG_WARN_ENUM_CONVERSION = YES;
				CLANG_WARN_INFINITE_RECURSION = YES;
				CLANG_WARN_INT_CONVERSION = YES;
				CLANG_WARN_NON_LITERAL_NULL_CONVERSION = YES;
				CLANG_WARN_OBJC_IMPLICIT_RETAIN_SELF = YES;
				CLANG_WARN_OBJC_LITERAL_CONVERSION = YES;
				CLANG_WARN_OBJC_ROOT_CLASS = YES_ERROR;
				CLANG_WARN_RANGE_LOOP_ANALYSIS = YES;
				CLANG_WARN_STRICT_PROTOTYPES = YES;
				CLANG_WARN_SUSPICIOUS_MOVE = YES;
				CLANG_WARN_UNGUARDED_AVAILABILITY = YES_AGGRESSIVE;
				CLANG_WARN_UNREACHABLE_CODE = YES;
				CLANG_WARN__DUPLICATE_METHOD_MATCH = YES;
				COPY_PHASE_STRIP = NO;
				DEBUG_INFORMATION_FORMAT = dwarf;
				ENABLE_STRICT_OBJC_MSGSEND = YES;
				ENABLE_TESTABILITY = YES;
				GCC_C_LANGUAGE_STANDARD = gnu11;
				GCC_DYNAMIC_NO_PIC = NO;
				GCC_NO_COMMON_BLOCKS = YES;
				GCC_OPTIMIZATION_LEVEL = 0;
				GCC_PREPROCESSOR_DEFINITIONS = (
					"DEBUG=1",
					"$(inherited)",
				);
				GCC_WARN_64_TO_32_BIT_CONVERSION = YES;
				GCC_WARN_ABOUT_RETURN_TYPE = YES_ERROR;
				GCC_WARN_UNDECLARED_SELECTOR = YES;
				GCC_WARN_UNINITIALIZED_AUTOS = YES_AGGRESSIVE;
				GCC_WARN_UNUSED_FUNCTION = YES;
				GCC_WARN_UNUSED_VARIABLE = YES;
				IPHONEOS_DEPLOYMENT_TARGET = 13.2;
				MTL_ENABLE_DEBUG_INFO = INCLUDE_SOURCE;
				MTL_FAST_MATH = YES;
				ONLY_ACTIVE_ARCH = YES;
				SDKROOT = iphoneos;
				SWIFT_ACTIVE_COMPILATION_CONDITIONS = DEBUG;
				SWIFT_OPTIMIZATION_LEVEL = "-Onone";
			};
			name = Debug;
		};
		A382C5D424E1C07F009EF2F8 /* Release */ = {
			isa = XCBuildConfiguration;
			buildSettings = {
				ALWAYS_SEARCH_USER_PATHS = NO;
				CLANG_ANALYZER_NONNULL = YES;
				CLANG_ANALYZER_NUMBER_OBJECT_CONVERSION = YES_AGGRESSIVE;
				CLANG_CXX_LANGUAGE_STANDARD = "gnu++14";
				CLANG_CXX_LIBRARY = "libc++";
				CLANG_ENABLE_MODULES = YES;
				CLANG_ENABLE_OBJC_ARC = YES;
				CLANG_ENABLE_OBJC_WEAK = YES;
				CLANG_WARN_BLOCK_CAPTURE_AUTORELEASING = YES;
				CLANG_WARN_BOOL_CONVERSION = YES;
				CLANG_WARN_COMMA = YES;
				CLANG_WARN_CONSTANT_CONVERSION = YES;
				CLANG_WARN_DEPRECATED_OBJC_IMPLEMENTATIONS = YES;
				CLANG_WARN_DIRECT_OBJC_ISA_USAGE = YES_ERROR;
				CLANG_WARN_DOCUMENTATION_COMMENTS = YES;
				CLANG_WARN_EMPTY_BODY = YES;
				CLANG_WARN_ENUM_CONVERSION = YES;
				CLANG_WARN_INFINITE_RECURSION = YES;
				CLANG_WARN_INT_CONVERSION = YES;
				CLANG_WARN_NON_LITERAL_NULL_CONVERSION = YES;
				CLANG_WARN_OBJC_IMPLICIT_RETAIN_SELF = YES;
				CLANG_WARN_OBJC_LITERAL_CONVERSION = YES;
				CLANG_WARN_OBJC_ROOT_CLASS = YES_ERROR;
				CLANG_WARN_RANGE_LOOP_ANALYSIS = YES;
				CLANG_WARN_STRICT_PROTOTYPES = YES;
				CLANG_WARN_SUSPICIOUS_MOVE = YES;
				CLANG_WARN_UNGUARDED_AVAILABILITY = YES_AGGRESSIVE;
				CLANG_WARN_UNREACHABLE_CODE = YES;
				CLANG_WARN__DUPLICATE_METHOD_MATCH = YES;
				COPY_PHASE_STRIP = NO;
				DEBUG_INFORMATION_FORMAT = "dwarf-with-dsym";
				ENABLE_NS_ASSERTIONS = NO;
				ENABLE_STRICT_OBJC_MSGSEND = YES;
				GCC_C_LANGUAGE_STANDARD = gnu11;
				GCC_NO_COMMON_BLOCKS = YES;
				GCC_WARN_64_TO_32_BIT_CONVERSION = YES;
				GCC_WARN_ABOUT_RETURN_TYPE = YES_ERROR;
				GCC_WARN_UNDECLARED_SELECTOR = YES;
				GCC_WARN_UNINITIALIZED_AUTOS = YES_AGGRESSIVE;
				GCC_WARN_UNUSED_FUNCTION = YES;
				GCC_WARN_UNUSED_VARIABLE = YES;
				IPHONEOS_DEPLOYMENT_TARGET = 13.2;
				MTL_ENABLE_DEBUG_INFO = NO;
				MTL_FAST_MATH = YES;
				SDKROOT = iphoneos;
				SWIFT_COMPILATION_MODE = wholemodule;
				SWIFT_OPTIMIZATION_LEVEL = "-O";
				VALIDATE_PRODUCT = YES;
			};
			name = Release;
		};
		A382C5D624E1C07F009EF2F8 /* Debug */ = {
			isa = XCBuildConfiguration;
			baseConfigurationReference = 85E5457EB121C4F8A711CC13 /* Pods-Application.debug.xcconfig */;
			buildSettings = {
				ASSETCATALOG_COMPILER_APPICON_NAME = AppIcon;
				CODE_SIGN_STYLE = Automatic;
				DEVELOPMENT_TEAM = 8Q86GGRUX8;
				INFOPLIST_FILE = Sources/Info.plist;
				IPHONEOS_DEPLOYMENT_TARGET = 9.0;
				LD_RUNPATH_SEARCH_PATHS = (
					"$(inherited)",
					"@executable_path/Frameworks",
				);
				MARKETING_VERSION = 0.1.0;
				PRODUCT_BUNDLE_IDENTIFIER = com.fellipecaetano.iddog;
				PRODUCT_NAME = iddog;
				SWIFT_VERSION = 5.0;
				TARGETED_DEVICE_FAMILY = 1;
			};
			name = Debug;
		};
		A382C5D724E1C07F009EF2F8 /* Release */ = {
			isa = XCBuildConfiguration;
			baseConfigurationReference = 4DD6BFE613441D2C2B360AAD /* Pods-Application.release.xcconfig */;
			buildSettings = {
				ASSETCATALOG_COMPILER_APPICON_NAME = AppIcon;
				CODE_SIGN_STYLE = Automatic;
				DEVELOPMENT_TEAM = 8Q86GGRUX8;
				INFOPLIST_FILE = Sources/Info.plist;
				IPHONEOS_DEPLOYMENT_TARGET = 9.0;
				LD_RUNPATH_SEARCH_PATHS = (
					"$(inherited)",
					"@executable_path/Frameworks",
				);
				MARKETING_VERSION = 0.1.0;
				PRODUCT_BUNDLE_IDENTIFIER = com.fellipecaetano.iddog;
				PRODUCT_NAME = iddog;
				SWIFT_VERSION = 5.0;
				TARGETED_DEVICE_FAMILY = 1;
			};
			name = Release;
		};
		A382C5D924E1C07F009EF2F8 /* Debug */ = {
			isa = XCBuildConfiguration;
			baseConfigurationReference = 9F23FC7685F86DFDCA31A350 /* Pods-ApplicationTests.debug.xcconfig */;
			buildSettings = {
				ALWAYS_EMBED_SWIFT_STANDARD_LIBRARIES = YES;
				BUNDLE_LOADER = "$(TEST_HOST)";
				CODE_SIGN_STYLE = Automatic;
				DEVELOPMENT_TEAM = 8Q86GGRUX8;
				INFOPLIST_FILE = Tests/Info.plist;
				IPHONEOS_DEPLOYMENT_TARGET = 13.2;
				LD_RUNPATH_SEARCH_PATHS = (
					"$(inherited)",
					"@executable_path/Frameworks",
					"@loader_path/Frameworks",
				);
				PRODUCT_BUNDLE_IDENTIFIER = com.fellipecaetano.ApplicationTests;
				PRODUCT_NAME = "$(TARGET_NAME)";
				SWIFT_VERSION = 5.0;
				TARGETED_DEVICE_FAMILY = "1,2";
				TEST_HOST = "$(BUILT_PRODUCTS_DIR)/iddog.app/iddog";
			};
			name = Debug;
		};
		A382C5DA24E1C07F009EF2F8 /* Release */ = {
			isa = XCBuildConfiguration;
			baseConfigurationReference = 42BFB269FD6D473084642106 /* Pods-ApplicationTests.release.xcconfig */;
			buildSettings = {
				ALWAYS_EMBED_SWIFT_STANDARD_LIBRARIES = YES;
				BUNDLE_LOADER = "$(TEST_HOST)";
				CODE_SIGN_STYLE = Automatic;
				DEVELOPMENT_TEAM = 8Q86GGRUX8;
				INFOPLIST_FILE = Tests/Info.plist;
				IPHONEOS_DEPLOYMENT_TARGET = 13.2;
				LD_RUNPATH_SEARCH_PATHS = (
					"$(inherited)",
					"@executable_path/Frameworks",
					"@loader_path/Frameworks",
				);
				PRODUCT_BUNDLE_IDENTIFIER = com.fellipecaetano.ApplicationTests;
				PRODUCT_NAME = "$(TARGET_NAME)";
				SWIFT_VERSION = 5.0;
				TARGETED_DEVICE_FAMILY = "1,2";
				TEST_HOST = "$(BUILT_PRODUCTS_DIR)/iddog.app/iddog";
			};
			name = Release;
		};
/* End XCBuildConfiguration section */

/* Begin XCConfigurationList section */
		A382C5B124E1C07E009EF2F8 /* Build configuration list for PBXProject "Application" */ = {
			isa = XCConfigurationList;
			buildConfigurations = (
				A382C5D324E1C07F009EF2F8 /* Debug */,
				A382C5D424E1C07F009EF2F8 /* Release */,
			);
			defaultConfigurationIsVisible = 0;
			defaultConfigurationName = Release;
		};
		A382C5D524E1C07F009EF2F8 /* Build configuration list for PBXNativeTarget "Application" */ = {
			isa = XCConfigurationList;
			buildConfigurations = (
				A382C5D624E1C07F009EF2F8 /* Debug */,
				A382C5D724E1C07F009EF2F8 /* Release */,
			);
			defaultConfigurationIsVisible = 0;
			defaultConfigurationName = Release;
		};
		A382C5D824E1C07F009EF2F8 /* Build configuration list for PBXNativeTarget "ApplicationTests" */ = {
			isa = XCConfigurationList;
			buildConfigurations = (
				A382C5D924E1C07F009EF2F8 /* Debug */,
				A382C5DA24E1C07F009EF2F8 /* Release */,
			);
			defaultConfigurationIsVisible = 0;
			defaultConfigurationName = Release;
		};
/* End XCConfigurationList section */
	};
	rootObject = A382C5AE24E1C07E009EF2F8 /* Project object */;
}
